
Microsoft Visual Studio Solution File, Format Version 12.00
# Visual Studio Version 17
VisualStudioVersion = 17.9.34723.18
MinimumVisualStudioVersion = 10.0.40219.1
Project("{9A19103F-16F7-4668-BE54-9A1E7A4F7556}") = "House Renting System", "House Renting System\House Renting System.csproj", "{E37BCCE4-413A-49A3-AEC2-27BA68B1FF0D}"
EndProject
Project("{9A19103F-16F7-4668-BE54-9A1E7A4F7556}") = "HouseRentingSystem.Data", "HouseRentingSystem.Data\HouseRentingSystem.Data.csproj", "{F1D24D23-376E-4EF6-9728-0146A51AC40C}"
EndProject
Project("{FAE04EC0-301F-11D3-BF4B-00C04F79EFBC}") = "House_Renting_System.Services", "House_Renting_System.Services\House_Renting_System.Services.csproj", "{99770A5F-B11E-4160-BADD-A62CEB622A24}"
EndProject
Global
	GlobalSection(SolutionConfigurationPlatforms) = preSolution
		Debug|Any CPU = Debug|Any CPU
		Release|Any CPU = Release|Any CPU
	EndGlobalSection
	GlobalSection(ProjectConfigurationPlatforms) = postSolution
		{E37BCCE4-413A-49A3-AEC2-27BA68B1FF0D}.Debug|Any CPU.ActiveCfg = Debug|Any CPU
		{E37BCCE4-413A-49A3-AEC2-27BA68B1FF0D}.Debug|Any CPU.Build.0 = Debug|Any CPU
		{E37BCCE4-413A-49A3-AEC2-27BA68B1FF0D}.Release|Any CPU.ActiveCfg = Release|Any CPU
		{E37BCCE4-413A-49A3-AEC2-27BA68B1FF0D}.Release|Any CPU.Build.0 = Release|Any CPU
		{F1D24D23-376E-4EF6-9728-0146A51AC40C}.Debug|Any CPU.ActiveCfg = Debug|Any CPU
		{F1D24D23-376E-4EF6-9728-0146A51AC40C}.Debug|Any CPU.Build.0 = Debug|Any CPU
		{F1D24D23-376E-4EF6-9728-0146A51AC40C}.Release|Any CPU.ActiveCfg = Release|Any CPU
		{F1D24D23-376E-4EF6-9728-0146A51AC40C}.Release|Any CPU.Build.0 = Release|Any CPU
		{99770A5F-B11E-4160-BADD-A62CEB622A24}.Debug|Any CPU.ActiveCfg = Debug|Any CPU
		{99770A5F-B11E-4160-BADD-A62CEB622A24}.Debug|Any CPU.Build.0 = Debug|Any CPU
		{99770A5F-B11E-4160-BADD-A62CEB622A24}.Release|Any CPU.ActiveCfg = Release|Any CPU
		{99770A5F-B11E-4160-BADD-A62CEB622A24}.Release|Any CPU.Build.0 = Release|Any CPU
	EndGlobalSection
	GlobalSection(SolutionProperties) = preSolution
		HideSolutionNode = FALSE
	EndGlobalSection
	GlobalSection(ExtensibilityGlobals) = postSolution
		SolutionGuid = {EEE1D22A-BDC8-4330-9434-EF5D5C0406D9}
	EndGlobalSection
EndGlobal
